
Microsoft Visual Studio Solution File, Format Version 12.00
# Visual Studio 2012
Project("{FAE04EC0-301F-11D3-BF4B-00C04F79EFBC}") = "BankServer", "BankServer\BankServer.csproj", "{BA5EA989-D820-4649-A883-016E1B2977FB}"
EndProject
Global
	GlobalSection(SolutionConfigurationPlatforms) = preSolution
		Debug|Any CPU = Debug|Any CPU
		Release|Any CPU = Release|Any CPU
	EndGlobalSection
	GlobalSection(ProjectConfigurationPlatforms) = postSolution
		{BA5EA989-D820-4649-A883-016E1B2977FB}.Debug|Any CPU.ActiveCfg = Debug|Any CPU
		{BA5EA989-D820-4649-A883-016E1B2977FB}.Debug|Any CPU.Build.0 = Debug|Any CPU
		{BA5EA989-D820-4649-A883-016E1B2977FB}.Release|Any CPU.ActiveCfg = Release|Any CPU
		{BA5EA989-D820-4649-A883-016E1B2977FB}.Release|Any CPU.Build.0 = Release|Any CPU
	EndGlobalSection
	GlobalSection(SolutionProperties) = preSolution
		HideSolutionNode = FALSE
	EndGlobalSection
EndGlobal
